<?xml version="1.0" encoding="UTF-8" standalone="yes" ?>
<CodeBlocks_project_file>
	<FileVersion major="1" minor="6" />
	<Project>
		<Option title="Tentativa_Criar_Vilma_gazebo_ros_SemCmake" />
		<Option pch_mode="2" />
		<Option compiler="gcc" />
		<Build>
			<Target title="Debug">
				<Option output="bin/Debug/libTentativa_Criar_Vilma_gazebo_ros_SemCmake" prefix_auto="1" extension_auto="1" />
				<Option object_output="obj/Debug/" />
				<Option type="3" />
				<Option compiler="gcc" />
				<Option createDefFile="1" />
				<Option createStaticLib="1" />
				<Compiler>
					<Add option="-g" />
				</Compiler>
			</Target>
		</Build>
		<Compiler>
			<Add option="-Wall" />
			<Add option="-fexceptions" />
			<Add directory="/opt/ros/groovy/include" />
			<Add directory="/usr/include/gazebo-1.8/gazebo" />
			<Add directory="/usr/include/gazebo-1.8" />
		</Compiler>
		<Linker>
			<Add library="/opt/ros/groovy/lib/libactionlib.so" />
			<Add library="/opt/ros/groovy/lib/libbondcpp.so" />
			<Add library="/opt/ros/groovy/lib/libcamera_calibration_parsers.so" />
			<Add library="/opt/ros/groovy/lib/libcamera_info_manager.so" />
			<Add library="/opt/ros/groovy/lib/libclass_loader.so" />
			<Add library="/opt/ros/groovy/lib/libcollada_parser.so" />
			<Add library="/opt/ros/groovy/lib/libcollada_urdf.so" />
			<Add library="/opt/ros/groovy/lib/libcompressed_depth_image_transport.so" />
			<Add library="/opt/ros/groovy/lib/libcompressed_image_transport.so" />
			<Add library="/opt/ros/groovy/lib/libconsole_bridge.so" />
			<Add library="/opt/ros/groovy/lib/libcpp_common.so" />
			<Add library="/opt/ros/groovy/lib/libcv_bridge.so" />
			<Add library="/opt/ros/groovy/lib/libdefault_plugin.so" />
			<Add library="/opt/ros/groovy/lib/libdepth_image_proc.so" />
			<Add library="/opt/ros/groovy/lib/libdiagnostic_aggregator.so" />
			<Add library="/opt/ros/groovy/lib/libdynamic_reconfigure_config_init_mutex.so" />
			<Add library="/opt/ros/groovy/lib/libeigen_conversions.so" />
			<Add library="/opt/ros/groovy/lib/libflann.so" />
			<Add library="/opt/ros/groovy/lib/libflann_cpp.so" />
			<Add library="/opt/ros/groovy/lib/libflann_cpp-gd.so" />
			<Add library="/opt/ros/groovy/lib/libflann_cpp_s.a" />
			<Add library="/opt/ros/groovy/lib/libflann_cpp_s-gd.a" />
			<Add library="/opt/ros/groovy/lib/libflann_s.a" />
			<Add library="/opt/ros/groovy/lib/libimage_geometry.so" />
			<Add library="/opt/ros/groovy/lib/libimage_proc.so" />
			<Add library="/opt/ros/groovy/lib/libimage_transport.so" />
			<Add library="/opt/ros/groovy/lib/libimage_transport_plugins.so" />
			<Add library="/opt/ros/groovy/lib/libimage_view.so" />
			<Add library="/opt/ros/groovy/lib/libinteractive_markers.so" />
			<Add library="/opt/ros/groovy/lib/libkdl_conversions.so" />
			<Add library="/opt/ros/groovy/lib/libkdl_parser.so" />
			<Add library="/opt/ros/groovy/lib/liblaser_geometry.so" />
			<Add library="/opt/ros/groovy/lib/libmessage_filters.so" />
			<Add library="/opt/ros/groovy/lib/libnodeletlib.so" />
			<Add library="/opt/ros/groovy/lib/libopencv_calib3d.so" />
			<Add library="/opt/ros/groovy/lib/libopencv_contrib.so" />
			<Add library="/opt/ros/groovy/lib/libopencv_core.so" />
			<Add library="/opt/ros/groovy/lib/libopencv_features2d.so" />
			<Add library="/opt/ros/groovy/lib/libopencv_flann.so" />
			<Add library="/opt/ros/groovy/lib/libopencv_gpu.so" />
			<Add library="/opt/ros/groovy/lib/libopencv_highgui.so" />
			<Add library="/opt/ros/groovy/lib/libopencv_imgproc.so" />
			<Add library="/opt/ros/groovy/lib/libopencv_legacy.so" />
			<Add library="/opt/ros/groovy/lib/libopencv_ml.so" />
			<Add library="/opt/ros/groovy/lib/libopencv_nonfree.so" />
			<Add library="/opt/ros/groovy/lib/libopencv_objdetect.so" />
			<Add library="/opt/ros/groovy/lib/libopencv_photo.so" />
			<Add library="/opt/ros/groovy/lib/libopencv_stitching.so" />
			<Add library="/opt/ros/groovy/lib/libopencv_superres.so" />
			<Add library="/opt/ros/groovy/lib/libopencv_ts.so" />
			<Add library="/opt/ros/groovy/lib/libopencv_video.so" />
			<Add library="/opt/ros/groovy/lib/libopencv_videostab.so" />
			<Add library="/opt/ros/groovy/lib/liborocos-bfl.so" />
			<Add library="/opt/ros/groovy/lib/liborocos-kdl.so" />
			<Add library="/opt/ros/groovy/lib/libpcl_common.so" />
			<Add library="/opt/ros/groovy/lib/libpcl_features.so" />
			<Add library="/opt/ros/groovy/lib/libpcl_filters.so" />
			<Add library="/opt/ros/groovy/lib/libpcl_geometry.so" />
			<Add library="/opt/ros/groovy/lib/libpcl_io.so" />
			<Add library="/opt/ros/groovy/lib/libpcl_io_ply.so" />
			<Add library="/opt/ros/groovy/lib/libpcl_kdtree.so" />
			<Add library="/opt/ros/groovy/lib/libpcl_keypoints.so" />
			<Add library="/opt/ros/groovy/lib/libpcl_octree.so" />
			<Add library="/opt/ros/groovy/lib/libpcl_registration.so" />
			<Add library="/opt/ros/groovy/lib/libpcl_ros_filters.so" />
			<Add library="/opt/ros/groovy/lib/libpcl_ros_io.so" />
			<Add library="/opt/ros/groovy/lib/libpcl_ros_tf.so" />
			<Add library="/opt/ros/groovy/lib/libpcl_sample_consensus.so" />
			<Add library="/opt/ros/groovy/lib/libpcl_search.so" />
			<Add library="/opt/ros/groovy/lib/libpcl_segmentation.so" />
			<Add library="/opt/ros/groovy/lib/libpcl_surface.so" />
			<Add library="/opt/ros/groovy/lib/libpcl_tracking.so" />
			<Add library="/opt/ros/groovy/lib/libpcl_visualization.so" />
			<Add library="/opt/ros/groovy/lib/libpolled_camera.so" />
			<Add library="/opt/ros/groovy/lib/libqt_gui_cpp.so" />
			<Add library="/opt/ros/groovy/lib/libresource_retriever.so" />
			<Add library="/opt/ros/groovy/lib/librobot_state_publisher_solver.so" />
			<Add library="/opt/ros/groovy/lib/librosbag.so" />
			<Add library="/opt/ros/groovy/lib/librosconsole.so" />
			<Add library="/opt/ros/groovy/lib/librosconsole_bridge.so" />
			<Add library="/opt/ros/groovy/lib/libroscpp.so" />
			<Add library="/opt/ros/groovy/lib/libroscpp_serialization.so" />
			<Add library="/opt/ros/groovy/lib/libroslib.so" />
			<Add library="/opt/ros/groovy/lib/librospack.so" />
			<Add library="/opt/ros/groovy/lib/librostime.so" />
			<Add library="/opt/ros/groovy/lib/librqt_gui_cpp.so" />
			<Add library="/opt/ros/groovy/lib/librqt_image_view.so" />
			<Add library="/opt/ros/groovy/lib/librqt_rviz.so" />
			<Add library="/opt/ros/groovy/lib/librviz.so" />
			<Add library="/opt/ros/groovy/lib/libsrdfdom.so" />
			<Add library="/opt/ros/groovy/lib/libstereo_image_proc.so" />
			<Add library="/opt/ros/groovy/lib/libtf.so" />
			<Add library="/opt/ros/groovy/lib/libtf2.so" />
			<Add library="/opt/ros/groovy/lib/libtf2_ros.so" />
			<Add library="/opt/ros/groovy/lib/libtf_conversions.so" />
			<Add library="/opt/ros/groovy/lib/libtheora_image_transport.so" />
			<Add library="/opt/ros/groovy/lib/libtopic_tools.so" />
			<Add library="/opt/ros/groovy/lib/liburdf.so" />
			<Add library="/opt/ros/groovy/lib/liburdfdom_model.so" />
			<Add library="/opt/ros/groovy/lib/liburdfdom_model_state.so" />
			<Add library="/opt/ros/groovy/lib/liburdfdom_sensor.so" />
			<Add library="/opt/ros/groovy/lib/liburdfdom_world.so" />
			<Add library="/opt/ros/groovy/lib/libxmlrpcpp.so" />
		</Linker>
		<Unit filename="Uniao.cpp" />
		<Unit filename="VilmaPlugin.hh" />
		<Unit filename="ros_model_plugin.cc">
			<Option compile="0" />
			<Option link="0" />
			<Option target="&lt;{~None~}&gt;" />
		</Unit>
		<Extensions>
			<code_completion />
			<debugger />
		</Extensions>
	</Project>
</CodeBlocks_project_file>
